
Microsoft Visual Studio Solution File, Format Version 12.00
# Visual Studio Version 17
VisualStudioVersion = 17.0.32112.339
MinimumVisualStudioVersion = 10.0.40219.1
Project("{2150E333-8FDC-42A3-9474-1A3956D46DE8}") = "Solution Items", "Solution Items", "{9B72AA49-2757-46C6-ADA2-A625330B79F5}"
	ProjectSection(SolutionItems) = preProject
		Arquivo_Base.html = Arquivo_Base.html
		EstruturaDentroBody.html = EstruturaDentroBody.html
	EndProjectSection
EndProject
Global
	GlobalSection(SolutionProperties) = preSolution
		HideSolutionNode = FALSE
	EndGlobalSection
	GlobalSection(ExtensibilityGlobals) = postSolution
		SolutionGuid = {DAAB43B5-A80B-4E39-8345-6B45FDD2D740}
	EndGlobalSection
EndGlobal
