
Microsoft Visual Studio Solution File, Format Version 12.00
# Visual Studio Version 17
VisualStudioVersion = 17.9.34616.47
MinimumVisualStudioVersion = 10.0.40219.1
Project("{FAE04EC0-301F-11D3-BF4B-00C04F79EFBC}") = "ImobControl", "ImobControl\ImobControl.csproj", "{B33EE8A7-2530-4804-9118-380C00937AD5}"
EndProject
Global
	GlobalSection(SolutionConfigurationPlatforms) = preSolution
		Debug|Any CPU = Debug|Any CPU
		Release|Any CPU = Release|Any CPU
	EndGlobalSection
	GlobalSection(ProjectConfigurationPlatforms) = postSolution
		{B33EE8A7-2530-4804-9118-380C00937AD5}.Debug|Any CPU.ActiveCfg = Debug|Any CPU
		{B33EE8A7-2530-4804-9118-380C00937AD5}.Debug|Any CPU.Build.0 = Debug|Any CPU
		{B33EE8A7-2530-4804-9118-380C00937AD5}.Release|Any CPU.ActiveCfg = Release|Any CPU
		{B33EE8A7-2530-4804-9118-380C00937AD5}.Release|Any CPU.Build.0 = Release|Any CPU
	EndGlobalSection
	GlobalSection(SolutionProperties) = preSolution
		HideSolutionNode = FALSE
	EndGlobalSection
	GlobalSection(ExtensibilityGlobals) = postSolution
		SolutionGuid = {E52FD615-0F16-483C-8D1D-BF64E52128F5}
	EndGlobalSection
EndGlobal
